
Microsoft Visual Studio Solution File, Format Version 12.00
# Visual Studio Version 17
VisualStudioVersion = 17.1.32407.343
MinimumVisualStudioVersion = 10.0.40219.1
Project("{FAE04EC0-301F-11D3-BF4B-00C04F79EFBC}") = "BASSCOMPORT", "BASSCOMPORT.csproj", "{4ABBBCF7-2617-48CA-B277-AA8C1118246D}"
EndProject
Project("{54435603-DBB4-11D2-8724-00A0C9A8B90C}") = "V3_PICO", "..\V3_PICO\V3_PICO.vdproj", "{DE13F22D-28EA-4243-959B-8FA3CB984CFF}"
EndProject
Global
	GlobalSection(SolutionConfigurationPlatforms) = preSolution
		Debug|Any CPU = Debug|Any CPU
		Release|Any CPU = Release|Any CPU
	EndGlobalSection
	GlobalSection(ProjectConfigurationPlatforms) = postSolution
		{4ABBBCF7-2617-48CA-B277-AA8C1118246D}.Debug|Any CPU.ActiveCfg = Debug|Any CPU
		{4ABBBCF7-2617-48CA-B277-AA8C1118246D}.Debug|Any CPU.Build.0 = Debug|Any CPU
		{4ABBBCF7-2617-48CA-B277-AA8C1118246D}.Release|Any CPU.ActiveCfg = Release|Any CPU
		{4ABBBCF7-2617-48CA-B277-AA8C1118246D}.Release|Any CPU.Build.0 = Release|Any CPU
		{DE13F22D-28EA-4243-959B-8FA3CB984CFF}.Debug|Any CPU.ActiveCfg = Debug
		{DE13F22D-28EA-4243-959B-8FA3CB984CFF}.Release|Any CPU.ActiveCfg = Release
	EndGlobalSection
	GlobalSection(SolutionProperties) = preSolution
		HideSolutionNode = FALSE
	EndGlobalSection
	GlobalSection(ExtensibilityGlobals) = postSolution
		SolutionGuid = {D3FCF9BF-E57C-4546-9483-16A4DCF1A37B}
	EndGlobalSection
EndGlobal
